
Microsoft Visual Studio Solution File, Format Version 12.00
# Visual Studio Version 16
VisualStudioVersion = 16.0.30907.101
MinimumVisualStudioVersion = 10.0.40219.1
Project("{FAE04EC0-301F-11D3-BF4B-00C04F79EFBC}") = "FactoryMethod1", "FactoryMethod1\FactoryMethod1.csproj", "{9867147D-20F3-4948-B685-7E6418CC7212}"
EndProject
Global
	GlobalSection(SolutionConfigurationPlatforms) = preSolution
		Debug|Any CPU = Debug|Any CPU
		Release|Any CPU = Release|Any CPU
	EndGlobalSection
	GlobalSection(ProjectConfigurationPlatforms) = postSolution
		{9867147D-20F3-4948-B685-7E6418CC7212}.Debug|Any CPU.ActiveCfg = Debug|Any CPU
		{9867147D-20F3-4948-B685-7E6418CC7212}.Debug|Any CPU.Build.0 = Debug|Any CPU
		{9867147D-20F3-4948-B685-7E6418CC7212}.Release|Any CPU.ActiveCfg = Release|Any CPU
		{9867147D-20F3-4948-B685-7E6418CC7212}.Release|Any CPU.Build.0 = Release|Any CPU
	EndGlobalSection
	GlobalSection(SolutionProperties) = preSolution
		HideSolutionNode = FALSE
	EndGlobalSection
	GlobalSection(ExtensibilityGlobals) = postSolution
		SolutionGuid = {AF0869D7-E5A8-495B-9F85-D632160579AF}
	EndGlobalSection
EndGlobal
